# THIS IS AN AUTOGENERATED FILE. DO NOT EDIT THIS FILE DIRECTLY.
# yarn lockfile v1


"@tanstack/query-core@5.8.7":
  version "5.8.7"
  resolved "https://registry.yarnpkg.com/@tanstack/query-core/-/query-core-5.8.7.tgz#460137555565d478930690f2c992f414da3bec7b"
  integrity sha512-58xOSkxxZK4SGQ/uzX8MDZHLGZCkxlgkPxnfhxUOL2uchnNHyay2UVcR3mQNMgaMwH1e2l+0n+zfS7+UJ/MAJw==

"@tanstack/react-query@^5.8.9":
  version "5.8.9"
  resolved "https://registry.yarnpkg.com/@tanstack/react-query/-/react-query-5.8.9.tgz#6d9e0f37d9086ffb16ee4338de7ab98101251be6"
  integrity sha512-AmrvpXv7Vo9HlvIFd1ChyphUUskVAq60bpQFPxZmephHf2H2LZHqPIiLl8IEij0dvORpqp6BoUH8IS/HSWkn0w==
  dependencies:
    "@tanstack/query-core" "5.8.7"
